// !$*UTF8*$!
{
	archiveVersion = 1;
	classes = {
	};
	objectVersion = 50;
	objects = {

/* Begin PBXBuildFile section */
		47498F92D22026A536492317 /* Pods_Warmingup.framework in Frameworks */ = {isa = PBXBuildFile; fileRef = 467E449C3526B63D0DBFAB56 /* Pods_Warmingup.framework */; };
		E931A42524F0832500B94FA8 /* AppDelegate.swift in Sources */ = {isa = PBXBuildFile; fileRef = E931A42424F0832500B94FA8 /* AppDelegate.swift */; };
		E931A42724F0832500B94FA8 /* SceneDelegate.swift in Sources */ = {isa = PBXBuildFile; fileRef = E931A42624F0832500B94FA8 /* SceneDelegate.swift */; };
		E931A42924F0832500B94FA8 /* ViewController.swift in Sources */ = {isa = PBXBuildFile; fileRef = E931A42824F0832500B94FA8 /* ViewController.swift */; };
		E931A42C24F0832500B94FA8 /* Main.storyboard in Resources */ = {isa = PBXBuildFile; fileRef = E931A42A24F0832500B94FA8 /* Main.storyboard */; };
		E931A42E24F0832700B94FA8 /* Assets.xcassets in Resources */ = {isa = PBXBuildFile; fileRef = E931A42D24F0832700B94FA8 /* Assets.xcassets */; };
		E931A43124F0832700B94FA8 /* LaunchScreen.storyboard in Resources */ = {isa = PBXBuildFile; fileRef = E931A42F24F0832700B94FA8 /* LaunchScreen.storyboard */; };
/* End PBXBuildFile section */

/* Begin PBXFileReference section */
		467E449C3526B63D0DBFAB56 /* Pods_Warmingup.framework */ = {isa = PBXFileReference; explicitFileType = wrapper.framework; includeInIndex = 0; path = Pods_Warmingup.framework; sourceTree = BUILT_PRODUCTS_DIR; };
		88A42CE8226FCDC8E9F36E68 /* Pods-Warmingup.release.xcconfig */ = {isa = PBXFileReference; includeInIndex = 1; lastKnownFileType = text.xcconfig; name = "Pods-Warmingup.release.xcconfig"; path = "Target Support Files/Pods-Warmingup/Pods-Warmingup.release.xcconfig"; sourceTree = "<group>"; };
		C6268CDD3624E497A8CBB902 /* Pods-Warmingup.debug.xcconfig */ = {isa = PBXFileReference; includeInIndex = 1; lastKnownFileType = text.xcconfig; name = "Pods-Warmingup.debug.xcconfig"; path = "Target Support Files/Pods-Warmingup/Pods-Warmingup.debug.xcconfig"; sourceTree = "<group>"; };
		E931A42124F0832500B94FA8 /* Warmingup.app */ = {isa = PBXFileReference; explicitFileType = wrapper.application; includeInIndex = 0; path = Warmingup.app; sourceTree = BUILT_PRODUCTS_DIR; };
		E931A42424F0832500B94FA8 /* AppDelegate.swift */ = {isa = PBXFileReference; lastKnownFileType = sourcecode.swift; path = AppDelegate.swift; sourceTree = "<group>"; };
		E931A42624F0832500B94FA8 /* SceneDelegate.swift */ = {isa = PBXFileReference; lastKnownFileType = sourcecode.swift; path = SceneDelegate.swift; sourceTree = "<group>"; };
		E931A42824F0832500B94FA8 /* ViewController.swift */ = {isa = PBXFileReference; lastKnownFileType = sourcecode.swift; path = ViewController.swift; sourceTree = "<group>"; };
		E931A42B24F0832500B94FA8 /* Base */ = {isa = PBXFileReference; lastKnownFileType = file.storyboard; name = Base; path = Base.lproj/Main.storyboard; sourceTree = "<group>"; };
		E931A42D24F0832700B94FA8 /* Assets.xcassets */ = {isa = PBXFileReference; lastKnownFileType = folder.assetcatalog; path = Assets.xcassets; sourceTree = "<group>"; };
		E931A43024F0832700B94FA8 /* Base */ = {isa = PBXFileReference; lastKnownFileType = file.storyboard; name = Base; path = Base.lproj/LaunchScreen.storyboard; sourceTree = "<group>"; };
		E931A43224F0832700B94FA8 /* Info.plist */ = {isa = PBXFileReference; lastKnownFileType = text.plist.xml; path = Info.plist; sourceTree = "<group>"; };
/* End PBXFileReference section */

/* Begin PBXFrameworksBuildPhase section */
		E931A41E24F0832500B94FA8 /* Frameworks */ = {
			isa = PBXFrameworksBuildPhase;
			buildActionMask = 2147483647;
			files = (
				47498F92D22026A536492317 /* Pods_Warmingup.framework in Frameworks */,
			);
			runOnlyForDeploymentPostprocessing = 0;
		};
/* End PBXFrameworksBuildPhase section */

/* Begin PBXGroup section */
		05C4A0315F06116F6E3F7DE8 /* Pods */ = {
			isa = PBXGroup;
			children = (
				C6268CDD3624E497A8CBB902 /* Pods-Warmingup.debug.xcconfig */,
				88A42CE8226FCDC8E9F36E68 /* Pods-Warmingup.release.xcconfig */,
			);
			name = Pods;
			path = Pods;
			sourceTree = "<group>";
		};
		430440BDEA384D5C42F9E8B7 /* Frameworks */ = {
			isa = PBXGroup;
			children = (
				467E449C3526B63D0DBFAB56 /* Pods_Warmingup.framework */,
			);
			name = Frameworks;
			sourceTree = "<group>";
		};
		E931A41824F0832500B94FA8 = {
			isa = PBXGroup;
			children = (
				E931A42324F0832500B94FA8 /* Warmingup */,
				E931A42224F0832500B94FA8 /* Products */,
				05C4A0315F06116F6E3F7DE8 /* Pods */,
				430440BDEA384D5C42F9E8B7 /* Frameworks */,
			);
			sourceTree = "<group>";
		};
		E931A42224F0832500B94FA8 /* Products */ = {
			isa = PBXGroup;
			children = (
				E931A42124F0832500B94FA8 /* Warmingup.app */,
			);
			name = Products;
			sourceTree = "<group>";
		};
		E931A42324F0832500B94FA8 /* Warmingup */ = {
			isa = PBXGroup;
			children = (
				E931A42424F0832500B94FA8 /* AppDelegate.swift */,
				E931A42624F0832500B94FA8 /* SceneDelegate.swift */,
				E931A42824F0832500B94FA8 /* ViewController.swift */,
				E931A42A24F0832500B94FA8 /* Main.storyboard */,
				E931A42D24F0832700B94FA8 /* Assets.xcassets */,
				E931A42F24F0832700B94FA8 /* LaunchScreen.storyboard */,
				E931A43224F0832700B94FA8 /* Info.plist */,
			);
			path = Warmingup;
			sourceTree = "<group>";
		};
/* End PBXGroup section */

/* Begin PBXNativeTarget section */
		E931A42024F0832500B94FA8 /* Warmingup */ = {
			isa = PBXNativeTarget;
			buildConfigurationList = E931A43524F0832700B94FA8 /* Build configuration list for PBXNativeTarget "Warmingup" */;
			buildPhases = (
				E189356B63248E85907AF19F /* [CP] Check Pods Manifest.lock */,
				E931A41D24F0832500B94FA8 /* Sources */,
				E931A41E24F0832500B94FA8 /* Frameworks */,
				E931A41F24F0832500B94FA8 /* Resources */,
				1319AB777AF65A8BF59AFA3B /* [CP] Embed Pods Frameworks */,
			);
			buildRules = (
			);
			dependencies = (
			);
			name = Warmingup;
			productName = Warmingup;
			productReference = E931A42124F0832500B94FA8 /* Warmingup.app */;
			productType = "com.apple.product-type.application";
		};
/* End PBXNativeTarget section */

/* Begin PBXProject section */
		E931A41924F0832500B94FA8 /* Project object */ = {
			isa = PBXProject;
			attributes = {
				LastSwiftUpdateCheck = 1160;
				LastUpgradeCheck = 1160;
				ORGANIZATIONNAME = "Hikaru Kuroda";
				TargetAttributes = {
					E931A42024F0832500B94FA8 = {
						CreatedOnToolsVersion = 11.6;
					};
				};
			};
			buildConfigurationList = E931A41C24F0832500B94FA8 /* Build configuration list for PBXProject "Warmingup" */;
			compatibilityVersion = "Xcode 9.3";
			developmentRegion = en;
			hasScannedForEncodings = 0;
			knownRegions = (
				en,
				Base,
			);
			mainGroup = E931A41824F0832500B94FA8;
			productRefGroup = E931A42224F0832500B94FA8 /* Products */;
			projectDirPath = "";
			projectRoot = "";
			targets = (
				E931A42024F0832500B94FA8 /* Warmingup */,
			);
		};
/* End PBXProject section */

/* Begin PBXResourcesBuildPhase section */
		E931A41F24F0832500B94FA8 /* Resources */ = {
			isa = PBXResourcesBuildPhase;
			buildActionMask = 2147483647;
			files = (
				E931A43124F0832700B94FA8 /* LaunchScreen.storyboard in Resources */,
				E931A42E24F0832700B94FA8 /* Assets.xcassets in Resources */,
				E931A42C24F0832500B94FA8 /* Main.storyboard in Resources */,
			);
			runOnlyForDeploymentPostprocessing = 0;
		};
/* End PBXResourcesBuildPhase section */

/* Begin PBXShellScriptBuildPhase section */
		1319AB777AF65A8BF59AFA3B /* [CP] Embed Pods Frameworks */ = {
			isa = PBXShellScriptBuildPhase;
			buildActionMask = 2147483647;
			files = (
			);
			inputFileListPaths = (
				"${PODS_ROOT}/Target Support Files/Pods-Warmingup/Pods-Warmingup-frameworks-${CONFIGURATION}-input-files.xcfilelist",
			);
			name = "[CP] Embed Pods Frameworks";
			outputFileListPaths = (
				"${PODS_ROOT}/Target Support Files/Pods-Warmingup/Pods-Warmingup-frameworks-${CONFIGURATION}-output-files.xcfilelist",
			);
			runOnlyForDeploymentPostprocessing = 0;
			shellPath = /bin/sh;
			shellScript = "\"${PODS_ROOT}/Target Support Files/Pods-Warmingup/Pods-Warmingup-frameworks.sh\"\n";
			showEnvVarsInLog = 0;
		};
		E189356B63248E85907AF19F /* [CP] Check Pods Manifest.lock */ = {
			isa = PBXShellScriptBuildPhase;
			buildActionMask = 2147483647;
			files = (
			);
			inputFileListPaths = (
			);
			inputPaths = (
				"${PODS_PODFILE_DIR_PATH}/Podfile.lock",
				"${PODS_ROOT}/Manifest.lock",
			);
			name = "[CP] Check Pods Manifest.lock";
			outputFileListPaths = (
			);
			outputPaths = (
				"$(DERIVED_FILE_DIR)/Pods-Warmingup-checkManifestLockResult.txt",
			);
			runOnlyForDeploymentPostprocessing = 0;
			shellPath = /bin/sh;
			shellScript = "diff \"${PODS_PODFILE_DIR_PATH}/Podfile.lock\" \"${PODS_ROOT}/Manifest.lock\" > /dev/null\nif [ $? != 0 ] ; then\n    # print error to STDERR\n    echo \"error: The sandbox is not in sync with the Podfile.lock. Run 'pod install' or update your CocoaPods installation.\" >&2\n    exit 1\nfi\n# This output is used by Xcode 'outputs' to avoid re-running this script phase.\necho \"SUCCESS\" > \"${SCRIPT_OUTPUT_FILE_0}\"\n";
			showEnvVarsInLog = 0;
		};
/* End PBXShellScriptBuildPhase section */

/* Begin PBXSourcesBuildPhase section */
		E931A41D24F0832500B94FA8 /* Sources */ = {
			isa = PBXSourcesBuildPhase;
			buildActionMask = 2147483647;
			files = (
				E931A42924F0832500B94FA8 /* ViewController.swift in Sources */,
				E931A42524F0832500B94FA8 /* AppDelegate.swift in Sources */,
				E931A42724F0832500B94FA8 /* SceneDelegate.swift in Sources */,
			);
			runOnlyForDeploymentPostprocessing = 0;
		};
/* End PBXSourcesBuildPhase section */

/* Begin PBXVariantGroup section */
		E931A42A24F0832500B94FA8 /* Main.storyboard */ = {
			isa = PBXVariantGroup;
			children = (
				E931A42B24F0832500B94FA8 /* Base */,
			);
			name = Main.storyboard;
			sourceTree = "<group>";
		};
		E931A42F24F0832700B94FA8 /* LaunchScreen.storyboard */ = {
			isa = PBXVariantGroup;
			children = (
				E931A43024F0832700B94FA8 /* Base */,
			);
			name = LaunchScreen.storyboard;
			sourceTree = "<group>";
		};
/* End PBXVariantGroup section */

/* Begin XCBuildConfiguration section */
		E931A43324F0832700B94FA8 /* Debug */ = {
			isa = XCBuildConfiguration;
			buildSettings = {
				ALWAYS_SEARCH_USER_PATHS = NO;
				CLANG_ANALYZER_NONNULL = YES;
				CLANG_ANALYZER_NUMBER_OBJECT_CONVERSION = YES_AGGRESSIVE;
				CLANG_CXX_LANGUAGE_STANDARD = "gnu++14";
				CLANG_CXX_LIBRARY = "libc++";
				CLANG_ENABLE_MODULES = YES;
				CLANG_ENABLE_OBJC_ARC = YES;
				CLANG_ENABLE_OBJC_WEAK = YES;
				CLANG_WARN_BLOCK_CAPTURE_AUTORELEASING = YES;
				CLANG_WARN_BOOL_CONVERSION = YES;
				CLANG_WARN_COMMA = YES;
				CLANG_WARN_CONSTANT_CONVERSION = YES;
				CLANG_WARN_DEPRECATED_OBJC_IMPLEMENTATIONS = YES;
				CLANG_WARN_DIRECT_OBJC_ISA_USAGE = YES_ERROR;
				CLANG_WARN_DOCUMENTATION_COMMENTS = YES;
				CLANG_WARN_EMPTY_BODY = YES;
				CLANG_WARN_ENUM_CONVERSION = YES;
				CLANG_WARN_INFINITE_RECURSION = YES;
				CLANG_WARN_INT_CONVERSION = YES;
				CLANG_WARN_NON_LITERAL_NULL_CONVERSION = YES;
				CLANG_WARN_OBJC_IMPLICIT_RETAIN_SELF = YES;
				CLANG_WARN_OBJC_LITERAL_CONVERSION = YES;
				CLANG_WARN_OBJC_ROOT_CLASS = YES_ERROR;
				CLANG_WARN_RANGE_LOOP_ANALYSIS = YES;
				CLANG_WARN_STRICT_PROTOTYPES = YES;
				CLANG_WARN_SUSPICIOUS_MOVE = YES;
				CLANG_WARN_UNGUARDED_AVAILABILITY = YES_AGGRESSIVE;
				CLANG_WARN_UNREACHABLE_CODE = YES;
				CLANG_WARN__DUPLICATE_METHOD_MATCH = YES;
				COPY_PHASE_STRIP = NO;
				DEBUG_INFORMATION_FORMAT = dwarf;
				ENABLE_STRICT_OBJC_MSGSEND = YES;
				ENABLE_TESTABILITY = YES;
				GCC_C_LANGUAGE_STANDARD = gnu11;
				GCC_DYNAMIC_NO_PIC = NO;
				GCC_NO_COMMON_BLOCKS = YES;
				GCC_OPTIMIZATION_LEVEL = 0;
				GCC_PREPROCESSOR_DEFINITIONS = (
					"DEBUG=1",
					"$(inherited)",
				);
				GCC_WARN_64_TO_32_BIT_CONVERSION = YES;
				GCC_WARN_ABOUT_RETURN_TYPE = YES_ERROR;
				GCC_WARN_UNDECLARED_SELECTOR = YES;
				GCC_WARN_UNINITIALIZED_AUTOS = YES_AGGRESSIVE;
				GCC_WARN_UNUSED_FUNCTION = YES;
				GCC_WARN_UNUSED_VARIABLE = YES;
				IPHONEOS_DEPLOYMENT_TARGET = 13.6;
				MTL_ENABLE_DEBUG_INFO = INCLUDE_SOURCE;
				MTL_FAST_MATH = YES;
				ONLY_ACTIVE_ARCH = YES;
				SDKROOT = iphoneos;
				SWIFT_ACTIVE_COMPILATION_CONDITIONS = DEBUG;
				SWIFT_OPTIMIZATION_LEVEL = "-Onone";
			};
			name = Debug;
		};
		E931A43424F0832700B94FA8 /* Release */ = {
			isa = XCBuildConfiguration;
			buildSettings = {
				ALWAYS_SEARCH_USER_PATHS = NO;
				CLANG_ANALYZER_NONNULL = YES;
				CLANG_ANALYZER_NUMBER_OBJECT_CONVERSION = YES_AGGRESSIVE;
				CLANG_CXX_LANGUAGE_STANDARD = "gnu++14";
				CLANG_CXX_LIBRARY = "libc++";
				CLANG_ENABLE_MODULES = YES;
				CLANG_ENABLE_OBJC_ARC = YES;
				CLANG_ENABLE_OBJC_WEAK = YES;
				CLANG_WARN_BLOCK_CAPTURE_AUTORELEASING = YES;
				CLANG_WARN_BOOL_CONVERSION = YES;
				CLANG_WARN_COMMA = YES;
				CLANG_WARN_CONSTANT_CONVERSION = YES;
				CLANG_WARN_DEPRECATED_OBJC_IMPLEMENTATIONS = YES;
				CLANG_WARN_DIRECT_OBJC_ISA_USAGE = YES_ERROR;
				CLANG_WARN_DOCUMENTATION_COMMENTS = YES;
				CLANG_WARN_EMPTY_BODY = YES;
				CLANG_WARN_ENUM_CONVERSION = YES;
				CLANG_WARN_INFINITE_RECURSION = YES;
				CLANG_WARN_INT_CONVERSION = YES;
				CLANG_WARN_NON_LITERAL_NULL_CONVERSION = YES;
				CLANG_WARN_OBJC_IMPLICIT_RETAIN_SELF = YES;
				CLANG_WARN_OBJC_LITERAL_CONVERSION = YES;
				CLANG_WARN_OBJC_ROOT_CLASS = YES_ERROR;
				CLANG_WARN_RANGE_LOOP_ANALYSIS = YES;
				CLANG_WARN_STRICT_PROTOTYPES = YES;
				CLANG_WARN_SUSPICIOUS_MOVE = YES;
				CLANG_WARN_UNGUARDED_AVAILABILITY = YES_AGGRESSIVE;
				CLANG_WARN_UNREACHABLE_CODE = YES;
				CLANG_WARN__DUPLICATE_METHOD_MATCH = YES;
				COPY_PHASE_STRIP = NO;
				DEBUG_INFORMATION_FORMAT = "dwarf-with-dsym";
				ENABLE_NS_ASSERTIONS = NO;
				ENABLE_STRICT_OBJC_MSGSEND = YES;
				GCC_C_LANGUAGE_STANDARD = gnu11;
				GCC_NO_COMMON_BLOCKS = YES;
				GCC_WARN_64_TO_32_BIT_CONVERSION = YES;
				GCC_WARN_ABOUT_RETURN_TYPE = YES_ERROR;
				GCC_WARN_UNDECLARED_SELECTOR = YES;
				GCC_WARN_UNINITIALIZED_AUTOS = YES_AGGRESSIVE;
				GCC_WARN_UNUSED_FUNCTION = YES;
				GCC_WARN_UNUSED_VARIABLE = YES;
				IPHONEOS_DEPLOYMENT_TARGET = 13.6;
				MTL_ENABLE_DEBUG_INFO = NO;
				MTL_FAST_MATH = YES;
				SDKROOT = iphoneos;
				SWIFT_COMPILATION_MODE = wholemodule;
				SWIFT_OPTIMIZATION_LEVEL = "-O";
				VALIDATE_PRODUCT = YES;
			};
			name = Release;
		};
		E931A43624F0832700B94FA8 /* Debug */ = {
			isa = XCBuildConfiguration;
			baseConfigurationReference = C6268CDD3624E497A8CBB902 /* Pods-Warmingup.debug.xcconfig */;
			buildSettings = {
				ASSETCATALOG_COMPILER_APPICON_NAME = AppIcon;
				CODE_SIGN_STYLE = Automatic;
				DEVELOPMENT_TEAM = RPXQFK6SQD;
				INFOPLIST_FILE = Warmingup/Info.plist;
				LD_RUNPATH_SEARCH_PATHS = (
					"$(inherited)",
					"@executable_path/Frameworks",
				);
				PRODUCT_BUNDLE_IDENTIFIER = com.tekuru.Warmingup;
				PRODUCT_NAME = "$(TARGET_NAME)";
				SWIFT_VERSION = 5.0;
				TARGETED_DEVICE_FAMILY = "1,2";
			};
			name = Debug;
		};
		E931A43724F0832700B94FA8 /* Release */ = {
			isa = XCBuildConfiguration;
			baseConfigurationReference = 88A42CE8226FCDC8E9F36E68 /* Pods-Warmingup.release.xcconfig */;
			buildSettings = {
				ASSETCATALOG_COMPILER_APPICON_NAME = AppIcon;
				CODE_SIGN_STYLE = Automatic;
				DEVELOPMENT_TEAM = RPXQFK6SQD;
				INFOPLIST_FILE = Warmingup/Info.plist;
				LD_RUNPATH_SEARCH_PATHS = (
					"$(inherited)",
					"@executable_path/Frameworks",
				);
				PRODUCT_BUNDLE_IDENTIFIER = com.tekuru.Warmingup;
				PRODUCT_NAME = "$(TARGET_NAME)";
				SWIFT_VERSION = 5.0;
				TARGETED_DEVICE_FAMILY = "1,2";
			};
			name = Release;
		};
/* End XCBuildConfiguration section */

/* Begin XCConfigurationList section */
		E931A41C24F0832500B94FA8 /* Build configuration list for PBXProject "Warmingup" */ = {
			isa = XCConfigurationList;
			buildConfigurations = (
				E931A43324F0832700B94FA8 /* Debug */,
				E931A43424F0832700B94FA8 /* Release */,
			);
			defaultConfigurationIsVisible = 0;
			defaultConfigurationName = Release;
		};
		E931A43524F0832700B94FA8 /* Build configuration list for PBXNativeTarget "Warmingup" */ = {
			isa = XCConfigurationList;
			buildConfigurations = (
				E931A43624F0832700B94FA8 /* Debug */,
				E931A43724F0832700B94FA8 /* Release */,
			);
			defaultConfigurationIsVisible = 0;
			defaultConfigurationName = Release;
		};
/* End XCConfigurationList section */
	};
	rootObject = E931A41924F0832500B94FA8 /* Project object */;
}
